// !$*UTF8*$!
{
	archiveVersion = 1;
	classes = {
	};
	objectVersion = 46;
	objects = {

/* Begin PBXBuildFile section */
		41B1D2471A6991A600962647 /* AppDelegate.swift in Sources */ = {isa = PBXBuildFile; fileRef = 41B1D2461A6991A600962647 /* AppDelegate.swift */; };
		41B1D24C1A6991A600962647 /* MainPrototype.storyboard in Resources */ = {isa = PBXBuildFile; fileRef = 41B1D24A1A6991A600962647 /* MainPrototype.storyboard */; };
		41B1D24E1A6991A600962647 /* Images.xcassets in Resources */ = {isa = PBXBuildFile; fileRef = 41B1D24D1A6991A600962647 /* Images.xcassets */; };
		41B1D2511A6991A600962647 /* LaunchScreen.xib in Resources */ = {isa = PBXBuildFile; fileRef = 41B1D24F1A6991A600962647 /* LaunchScreen.xib */; };
		41B1D25D1A6991A700962647 /* MW_clientSwiftTests.swift in Sources */ = {isa = PBXBuildFile; fileRef = 41B1D25C1A6991A700962647 /* MW_clientSwiftTests.swift */; };
		41C82AFF1A91054000235D61 /* VCBattle.swift in Sources */ = {isa = PBXBuildFile; fileRef = 41C82AFE1A91054000235D61 /* VCBattle.swift */; };
		41C82B061A91054B00235D61 /* VCLogin.swift in Sources */ = {isa = PBXBuildFile; fileRef = 41C82B001A91054B00235D61 /* VCLogin.swift */; };
		41C82B071A91054B00235D61 /* VCMenu.swift in Sources */ = {isa = PBXBuildFile; fileRef = 41C82B011A91054B00235D61 /* VCMenu.swift */; };
		41C82B081A91054B00235D61 /* VCMy_data.swift in Sources */ = {isa = PBXBuildFile; fileRef = 41C82B021A91054B00235D61 /* VCMy_data.swift */; };
		41C82B091A91054B00235D61 /* VCRegister.swift in Sources */ = {isa = PBXBuildFile; fileRef = 41C82B031A91054B00235D61 /* VCRegister.swift */; };
		41C82B0A1A91054B00235D61 /* VCResgiter_player.swift in Sources */ = {isa = PBXBuildFile; fileRef = 41C82B041A91054B00235D61 /* VCResgiter_player.swift */; };
		41C82B0B1A91054B00235D61 /* VCSearchBattle.swift in Sources */ = {isa = PBXBuildFile; fileRef = 41C82B051A91054B00235D61 /* VCSearchBattle.swift */; };
		41C82B121A91056600235D61 /* anterior.png in Resources */ = {isa = PBXBuildFile; fileRef = 41C82B0C1A91056600235D61 /* anterior.png */; };
		41C82B131A91056600235D61 /* fondo.png in Resources */ = {isa = PBXBuildFile; fileRef = 41C82B0D1A91056600235D61 /* fondo.png */; };
		41C82B141A91056600235D61 /* mage.png in Resources */ = {isa = PBXBuildFile; fileRef = 41C82B0E1A91056600235D61 /* mage.png */; };
		41C82B161A91056600235D61 /* rayitaSeparadora.png in Resources */ = {isa = PBXBuildFile; fileRef = 41C82B101A91056600235D61 /* rayitaSeparadora.png */; };
		41C82B171A91056600235D61 /* siguiente.png in Resources */ = {isa = PBXBuildFile; fileRef = 41C82B111A91056600235D61 /* siguiente.png */; };
		41EDC0871A8BD97C00394712 /* CApp.swift in Sources */ = {isa = PBXBuildFile; fileRef = 41EDC07F1A8BD97C00394712 /* CApp.swift */; };
		41EDC0891A8BD97C00394712 /* CConstants.swift in Sources */ = {isa = PBXBuildFile; fileRef = 41EDC0811A8BD97C00394712 /* CConstants.swift */; };
		41F497E91A90EC390085DD7F /* MyViewController.swift in Sources */ = {isa = PBXBuildFile; fileRef = 41F497E71A90EC390085DD7F /* MyViewController.swift */; };
		41F497EA1A90EC390085DD7F /* ViewControllerPrototype.swift in Sources */ = {isa = PBXBuildFile; fileRef = 41F497E81A90EC390085DD7F /* ViewControllerPrototype.swift */; };
		54315D5A1AFBBED900BDDCE2 /* tittle_login.png in Resources */ = {isa = PBXBuildFile; fileRef = 54315D591AFBBED900BDDCE2 /* tittle_login.png */; };
		54B912FA1AEABAFE005DD10A /* warlock.png in Resources */ = {isa = PBXBuildFile; fileRef = 54B912F91AEABAFE005DD10A /* warlock.png */; };
		54B9EF761AE6B3460083E508 /* CPlayer.swift in Sources */ = {isa = PBXBuildFile; fileRef = 54B9EF751AE6B3460083E508 /* CPlayer.swift */; };
		54B9EF781AE6B6BF0083E508 /* CSpell.swift in Sources */ = {isa = PBXBuildFile; fileRef = 54B9EF771AE6B6BF0083E508 /* CSpell.swift */; };
		C04161371AD576E70004BC46 /* Augusta-Shadow.ttf in Resources */ = {isa = PBXBuildFile; fileRef = C04161351AD576E70004BC46 /* Augusta-Shadow.ttf */; };
		C04161381AD576E70004BC46 /* Augusta.ttf in Resources */ = {isa = PBXBuildFile; fileRef = C04161361AD576E70004BC46 /* Augusta.ttf */; };
		C041613A1AD580780004BC46 /* no_focus.png in Resources */ = {isa = PBXBuildFile; fileRef = C04161391AD580780004BC46 /* no_focus.png */; };
		C041613C1AD583ED0004BC46 /* focus.png in Resources */ = {isa = PBXBuildFile; fileRef = C041613B1AD583ED0004BC46 /* focus.png */; };
		C05D83241B0B220D002C4AA5 /* baseprogressbar1.png in Resources */ = {isa = PBXBuildFile; fileRef = C05D83131B0B220D002C4AA5 /* baseprogressbar1.png */; };
		C05D83251B0B220D002C4AA5 /* bluebar1.png in Resources */ = {isa = PBXBuildFile; fileRef = C05D83141B0B220D002C4AA5 /* bluebar1.png */; };
		C05D83261B0B220D002C4AA5 /* redbar1.png in Resources */ = {isa = PBXBuildFile; fileRef = C05D83151B0B220D002C4AA5 /* redbar1.png */; };
		C05D83271B0B220D002C4AA5 /* redbar2.png in Resources */ = {isa = PBXBuildFile; fileRef = C05D83161B0B220D002C4AA5 /* redbar2.png */; };
		C05D83281B0B220D002C4AA5 /* bluebar2.png in Resources */ = {isa = PBXBuildFile; fileRef = C05D83171B0B220D002C4AA5 /* bluebar2.png */; };
		C05D83291B0B220D002C4AA5 /* baseprogressbar2.png in Resources */ = {isa = PBXBuildFile; fileRef = C05D83181B0B220D002C4AA5 /* baseprogressbar2.png */; };
		C05D832A1B0B220D002C4AA5 /* progressBarr GUIA.png in Resources */ = {isa = PBXBuildFile; fileRef = C05D83191B0B220D002C4AA5 /* progressBarr GUIA.png */; };
		C05D832B1B0B220D002C4AA5 /* specialbutton.png in Resources */ = {isa = PBXBuildFile; fileRef = C05D831A1B0B220D002C4AA5 /* specialbutton.png */; };
		C05D832C1B0B220D002C4AA5 /* special2.png in Resources */ = {isa = PBXBuildFile; fileRef = C05D831B1B0B220D002C4AA5 /* special2.png */; };
		C05D832D1B0B220D002C4AA5 /* special1.png in Resources */ = {isa = PBXBuildFile; fileRef = C05D831C1B0B220D002C4AA5 /* special1.png */; };
		C05D832E1B0B220D002C4AA5 /* dodgebutton.png in Resources */ = {isa = PBXBuildFile; fileRef = C05D831D1B0B220D002C4AA5 /* dodgebutton.png */; };
		C05D832F1B0B220D002C4AA5 /* blockbutton.png in Resources */ = {isa = PBXBuildFile; fileRef = C05D831E1B0B220D002C4AA5 /* blockbutton.png */; };
		C05D83301B0B220D002C4AA5 /* basic2.png in Resources */ = {isa = PBXBuildFile; fileRef = C05D831F1B0B220D002C4AA5 /* basic2.png */; };
		C05D83311B0B220D002C4AA5 /* basic1.png in Resources */ = {isa = PBXBuildFile; fileRef = C05D83201B0B220D002C4AA5 /* basic1.png */; };
		C05D83321B0B220D002C4AA5 /* iconRegister.png in Resources */ = {isa = PBXBuildFile; fileRef = C05D83211B0B220D002C4AA5 /* iconRegister.png */; };
		C05D83331B0B220D002C4AA5 /* iconLogin.png in Resources */ = {isa = PBXBuildFile; fileRef = C05D83221B0B220D002C4AA5 /* iconLogin.png */; };
		C05D83341B0B220D002C4AA5 /* pergamino.png in Resources */ = {isa = PBXBuildFile; fileRef = C05D83231B0B220D002C4AA5 /* pergamino.png */; };
		C07212671AF8FFA60010F1C5 /* menu_button_no_focus.jpg in Resources */ = {isa = PBXBuildFile; fileRef = C07212651AF8FFA60010F1C5 /* menu_button_no_focus.jpg */; };
		C07212681AF8FFA60010F1C5 /* menu_button_focus.jpg in Resources */ = {isa = PBXBuildFile; fileRef = C07212661AF8FFA60010F1C5 /* menu_button_focus.jpg */; };
		C0BF54061AB09F9D0066E027 /* CoreLocation.framework in Frameworks */ = {isa = PBXBuildFile; fileRef = C0BF54051AB09F9D0066E027 /* CoreLocation.framework */; };
		C0CE11F81B062CBF00C2960A /* Main.storyboard in Resources */ = {isa = PBXBuildFile; fileRef = C0CE11F61B062CBF00C2960A /* Main.storyboard */; };
		C0E108B91B04F189003E0DE1 /* bluebarr.png in Resources */ = {isa = PBXBuildFile; fileRef = C0E108B61B04F189003E0DE1 /* bluebarr.png */; };
		C0E108BA1B04F189003E0DE1 /* redbarr.png in Resources */ = {isa = PBXBuildFile; fileRef = C0E108B71B04F189003E0DE1 /* redbarr.png */; };
		C0E108BB1B04F189003E0DE1 /* barrbase.png in Resources */ = {isa = PBXBuildFile; fileRef = C0E108B81B04F189003E0DE1 /* barrbase.png */; };
		C0E65DDB1AD5630800C689BF /* login_background.png in Resources */ = {isa = PBXBuildFile; fileRef = C0E65DDA1AD5630800C689BF /* login_background.png */; };
		C0E65DDD1AD56EA400C689BF /* logo.png in Resources */ = {isa = PBXBuildFile; fileRef = C0E65DDC1AD56EA400C689BF /* logo.png */; };
		C0F619B71AC300660007B511 /* Reachability.swift in Sources */ = {isa = PBXBuildFile; fileRef = C0F619B61AC300660007B511 /* Reachability.swift */; };
/* End PBXBuildFile section */

/* Begin PBXContainerItemProxy section */
		41B1D2571A6991A600962647 /* PBXContainerItemProxy */ = {
			isa = PBXContainerItemProxy;
			containerPortal = 41B1D2391A6991A600962647 /* Project object */;
			proxyType = 1;
			remoteGlobalIDString = 41B1D2401A6991A600962647;
			remoteInfo = MW_clientSwift;
		};
/* End PBXContainerItemProxy section */

/* Begin PBXFileReference section */
		41B1D2411A6991A600962647 /* MW_clientSwift.app */ = {isa = PBXFileReference; explicitFileType = wrapper.application; includeInIndex = 0; path = MW_clientSwift.app; sourceTree = BUILT_PRODUCTS_DIR; };
		41B1D2451A6991A600962647 /* Info.plist */ = {isa = PBXFileReference; lastKnownFileType = text.plist.xml; path = Info.plist; sourceTree = "<group>"; };
		41B1D2461A6991A600962647 /* AppDelegate.swift */ = {isa = PBXFileReference; lastKnownFileType = sourcecode.swift; path = AppDelegate.swift; sourceTree = "<group>"; };
		41B1D24B1A6991A600962647 /* Base */ = {isa = PBXFileReference; lastKnownFileType = file.storyboard; name = Base; path = Base.lproj/MainPrototype.storyboard; sourceTree = "<group>"; };
		41B1D24D1A6991A600962647 /* Images.xcassets */ = {isa = PBXFileReference; lastKnownFileType = folder.assetcatalog; path = Images.xcassets; sourceTree = "<group>"; };
		41B1D2501A6991A600962647 /* Base */ = {isa = PBXFileReference; lastKnownFileType = file.xib; name = Base; path = Base.lproj/LaunchScreen.xib; sourceTree = "<group>"; };
		41B1D2561A6991A600962647 /* MW_clientSwiftTests.xctest */ = {isa = PBXFileReference; explicitFileType = wrapper.cfbundle; includeInIndex = 0; path = MW_clientSwiftTests.xctest; sourceTree = BUILT_PRODUCTS_DIR; };
		41B1D25B1A6991A600962647 /* Info.plist */ = {isa = PBXFileReference; lastKnownFileType = text.plist.xml; path = Info.plist; sourceTree = "<group>"; };
		41B1D25C1A6991A700962647 /* MW_clientSwiftTests.swift */ = {isa = PBXFileReference; lastKnownFileType = sourcecode.swift; path = MW_clientSwiftTests.swift; sourceTree = "<group>"; };
		41C82AFE1A91054000235D61 /* VCBattle.swift */ = {isa = PBXFileReference; fileEncoding = 4; lastKnownFileType = sourcecode.swift; name = VCBattle.swift; path = MW_clientSwift/Controllers/VCBattle.swift; sourceTree = SOURCE_ROOT; };
		41C82B001A91054B00235D61 /* VCLogin.swift */ = {isa = PBXFileReference; fileEncoding = 4; lastKnownFileType = sourcecode.swift; name = VCLogin.swift; path = MW_clientSwift/Controllers/VCLogin.swift; sourceTree = SOURCE_ROOT; };
		41C82B011A91054B00235D61 /* VCMenu.swift */ = {isa = PBXFileReference; fileEncoding = 4; lastKnownFileType = sourcecode.swift; name = VCMenu.swift; path = MW_clientSwift/Controllers/VCMenu.swift; sourceTree = SOURCE_ROOT; };
		41C82B021A91054B00235D61 /* VCMy_data.swift */ = {isa = PBXFileReference; fileEncoding = 4; lastKnownFileType = sourcecode.swift; name = VCMy_data.swift; path = MW_clientSwift/Controllers/VCMy_data.swift; sourceTree = SOURCE_ROOT; };
		41C82B031A91054B00235D61 /* VCRegister.swift */ = {isa = PBXFileReference; fileEncoding = 4; lastKnownFileType = sourcecode.swift; name = VCRegister.swift; path = MW_clientSwift/Controllers/VCRegister.swift; sourceTree = SOURCE_ROOT; };
		41C82B041A91054B00235D61 /* VCResgiter_player.swift */ = {isa = PBXFileReference; fileEncoding = 4; lastKnownFileType = sourcecode.swift; name = VCResgiter_player.swift; path = MW_clientSwift/Controllers/VCResgiter_player.swift; sourceTree = SOURCE_ROOT; };
		41C82B051A91054B00235D61 /* VCSearchBattle.swift */ = {isa = PBXFileReference; fileEncoding = 4; lastKnownFileType = sourcecode.swift; name = VCSearchBattle.swift; path = MW_clientSwift/Controllers/VCSearchBattle.swift; sourceTree = SOURCE_ROOT; };
		41C82B0C1A91056600235D61 /* anterior.png */ = {isa = PBXFileReference; lastKnownFileType = image.png; name = anterior.png; path = MW_clientSwift/Imatges/anterior.png; sourceTree = SOURCE_ROOT; };
		41C82B0D1A91056600235D61 /* fondo.png */ = {isa = PBXFileReference; lastKnownFileType = image.png; name = fondo.png; path = MW_clientSwift/Imatges/fondo.png; sourceTree = SOURCE_ROOT; };
		41C82B0E1A91056600235D61 /* mage.png */ = {isa = PBXFileReference; lastKnownFileType = image.png; name = mage.png; path = MW_clientSwift/Imatges/mage.png; sourceTree = SOURCE_ROOT; };
		41C82B101A91056600235D61 /* rayitaSeparadora.png */ = {isa = PBXFileReference; lastKnownFileType = image.png; name = rayitaSeparadora.png; path = MW_clientSwift/Imatges/rayitaSeparadora.png; sourceTree = SOURCE_ROOT; };
		41C82B111A91056600235D61 /* siguiente.png */ = {isa = PBXFileReference; lastKnownFileType = image.png; name = siguiente.png; path = MW_clientSwift/Imatges/siguiente.png; sourceTree = SOURCE_ROOT; };
		41D426D11A6F18B9000A758C /* BlackBytePlayGround.playground */ = {isa = PBXFileReference; lastKnownFileType = file.playground; path = BlackBytePlayGround.playground; sourceTree = "<group>"; };
		41EDC07F1A8BD97C00394712 /* CApp.swift */ = {isa = PBXFileReference; fileEncoding = 4; lastKnownFileType = sourcecode.swift; path = CApp.swift; sourceTree = "<group>"; };
		41EDC0811A8BD97C00394712 /* CConstants.swift */ = {isa = PBXFileReference; fileEncoding = 4; lastKnownFileType = sourcecode.swift; path = CConstants.swift; sourceTree = "<group>"; };
		41F497E71A90EC390085DD7F /* MyViewController.swift */ = {isa = PBXFileReference; fileEncoding = 4; lastKnownFileType = sourcecode.swift; path = MyViewController.swift; sourceTree = "<group>"; };
		41F497E81A90EC390085DD7F /* ViewControllerPrototype.swift */ = {isa = PBXFileReference; fileEncoding = 4; lastKnownFileType = sourcecode.swift; path = ViewControllerPrototype.swift; sourceTree = "<group>"; };
		54315D591AFBBED900BDDCE2 /* tittle_login.png */ = {isa = PBXFileReference; lastKnownFileType = image.png; name = tittle_login.png; path = MW_clientSwift/Imatges/tittle_login.png; sourceTree = SOURCE_ROOT; };
		54B912F91AEABAFE005DD10A /* warlock.png */ = {isa = PBXFileReference; lastKnownFileType = image.png; name = warlock.png; path = MW_clientSwift/Imatges/warlock.png; sourceTree = SOURCE_ROOT; };
		54B9EF751AE6B3460083E508 /* CPlayer.swift */ = {isa = PBXFileReference; fileEncoding = 4; lastKnownFileType = sourcecode.swift; path = CPlayer.swift; sourceTree = "<group>"; };
		54B9EF771AE6B6BF0083E508 /* CSpell.swift */ = {isa = PBXFileReference; fileEncoding = 4; lastKnownFileType = sourcecode.swift; path = CSpell.swift; sourceTree = "<group>"; };
		C04161351AD576E70004BC46 /* Augusta-Shadow.ttf */ = {isa = PBXFileReference; lastKnownFileType = file; path = "Augusta-Shadow.ttf"; sourceTree = "<group>"; };
		C04161361AD576E70004BC46 /* Augusta.ttf */ = {isa = PBXFileReference; lastKnownFileType = file; path = Augusta.ttf; sourceTree = "<group>"; };
		C04161391AD580780004BC46 /* no_focus.png */ = {isa = PBXFileReference; lastKnownFileType = image.png; name = no_focus.png; path = MW_clientSwift/Imatges/no_focus.png; sourceTree = SOURCE_ROOT; };
		C041613B1AD583ED0004BC46 /* focus.png */ = {isa = PBXFileReference; lastKnownFileType = image.png; name = focus.png; path = MW_clientSwift/Imatges/focus.png; sourceTree = SOURCE_ROOT; };
		C05D83131B0B220D002C4AA5 /* baseprogressbar1.png */ = {isa = PBXFileReference; lastKnownFileType = image.png; name = baseprogressbar1.png; path = MW_clientSwift/Imatges/baseprogressbar1.png; sourceTree = SOURCE_ROOT; };
		C05D83141B0B220D002C4AA5 /* bluebar1.png */ = {isa = PBXFileReference; lastKnownFileType = image.png; name = bluebar1.png; path = MW_clientSwift/Imatges/bluebar1.png; sourceTree = SOURCE_ROOT; };
		C05D83151B0B220D002C4AA5 /* redbar1.png */ = {isa = PBXFileReference; lastKnownFileType = image.png; name = redbar1.png; path = MW_clientSwift/Imatges/redbar1.png; sourceTree = SOURCE_ROOT; };
		C05D83161B0B220D002C4AA5 /* redbar2.png */ = {isa = PBXFileReference; lastKnownFileType = image.png; name = redbar2.png; path = MW_clientSwift/Imatges/redbar2.png; sourceTree = SOURCE_ROOT; };
		C05D83171B0B220D002C4AA5 /* bluebar2.png */ = {isa = PBXFileReference; lastKnownFileType = image.png; name = bluebar2.png; path = MW_clientSwift/Imatges/bluebar2.png; sourceTree = SOURCE_ROOT; };
		C05D83181B0B220D002C4AA5 /* baseprogressbar2.png */ = {isa = PBXFileReference; lastKnownFileType = image.png; name = baseprogressbar2.png; path = MW_clientSwift/Imatges/baseprogressbar2.png; sourceTree = SOURCE_ROOT; };
		C05D83191B0B220D002C4AA5 /* progressBarr GUIA.png */ = {isa = PBXFileReference; lastKnownFileType = image.png; name = "progressBarr GUIA.png"; path = "MW_clientSwift/Imatges/progressBarr GUIA.png"; sourceTree = SOURCE_ROOT; };
		C05D831A1B0B220D002C4AA5 /* specialbutton.png */ = {isa = PBXFileReference; lastKnownFileType = image.png; name = specialbutton.png; path = MW_clientSwift/Imatges/specialbutton.png; sourceTree = SOURCE_ROOT; };
		C05D831B1B0B220D002C4AA5 /* special2.png */ = {isa = PBXFileReference; lastKnownFileType = image.png; name = special2.png; path = MW_clientSwift/Imatges/special2.png; sourceTree = SOURCE_ROOT; };
		C05D831C1B0B220D002C4AA5 /* special1.png */ = {isa = PBXFileReference; lastKnownFileType = image.png; name = special1.png; path = MW_clientSwift/Imatges/special1.png; sourceTree = SOURCE_ROOT; };
		C05D831D1B0B220D002C4AA5 /* dodgebutton.png */ = {isa = PBXFileReference; lastKnownFileType = image.png; name = dodgebutton.png; path = MW_clientSwift/Imatges/dodgebutton.png; sourceTree = SOURCE_ROOT; };
		C05D831E1B0B220D002C4AA5 /* blockbutton.png */ = {isa = PBXFileReference; lastKnownFileType = image.png; name = blockbutton.png; path = MW_clientSwift/Imatges/blockbutton.png; sourceTree = SOURCE_ROOT; };
		C05D831F1B0B220D002C4AA5 /* basic2.png */ = {isa = PBXFileReference; lastKnownFileType = image.png; name = basic2.png; path = MW_clientSwift/Imatges/basic2.png; sourceTree = SOURCE_ROOT; };
		C05D83201B0B220D002C4AA5 /* basic1.png */ = {isa = PBXFileReference; lastKnownFileType = image.png; name = basic1.png; path = MW_clientSwift/Imatges/basic1.png; sourceTree = SOURCE_ROOT; };
		C05D83211B0B220D002C4AA5 /* iconRegister.png */ = {isa = PBXFileReference; lastKnownFileType = image.png; name = iconRegister.png; path = MW_clientSwift/Imatges/iconRegister.png; sourceTree = SOURCE_ROOT; };
		C05D83221B0B220D002C4AA5 /* iconLogin.png */ = {isa = PBXFileReference; lastKnownFileType = image.png; name = iconLogin.png; path = MW_clientSwift/Imatges/iconLogin.png; sourceTree = SOURCE_ROOT; };
		C05D83231B0B220D002C4AA5 /* pergamino.png */ = {isa = PBXFileReference; lastKnownFileType = image.png; name = pergamino.png; path = MW_clientSwift/Imatges/pergamino.png; sourceTree = SOURCE_ROOT; };
		C07212651AF8FFA60010F1C5 /* menu_button_no_focus.jpg */ = {isa = PBXFileReference; lastKnownFileType = image.jpeg; name = menu_button_no_focus.jpg; path = MW_clientSwift/Imatges/menu_button_no_focus.jpg; sourceTree = SOURCE_ROOT; };
		C07212661AF8FFA60010F1C5 /* menu_button_focus.jpg */ = {isa = PBXFileReference; lastKnownFileType = image.jpeg; name = menu_button_focus.jpg; path = MW_clientSwift/Imatges/menu_button_focus.jpg; sourceTree = SOURCE_ROOT; };
		C0BF54051AB09F9D0066E027 /* CoreLocation.framework */ = {isa = PBXFileReference; lastKnownFileType = wrapper.framework; name = CoreLocation.framework; path = System/Library/Frameworks/CoreLocation.framework; sourceTree = SDKROOT; };
		C0CE11F71B062CBF00C2960A /* Base */ = {isa = PBXFileReference; lastKnownFileType = file.storyboard; name = Base; path = Base.lproj/Main.storyboard; sourceTree = "<group>"; };
		C0E108B61B04F189003E0DE1 /* bluebarr.png */ = {isa = PBXFileReference; lastKnownFileType = image.png; name = bluebarr.png; path = MW_clientSwift/Imatges/bluebarr.png; sourceTree = SOURCE_ROOT; };
		C0E108B71B04F189003E0DE1 /* redbarr.png */ = {isa = PBXFileReference; lastKnownFileType = image.png; name = redbarr.png; path = MW_clientSwift/Imatges/redbarr.png; sourceTree = SOURCE_ROOT; };
		C0E108B81B04F189003E0DE1 /* barrbase.png */ = {isa = PBXFileReference; lastKnownFileType = image.png; name = barrbase.png; path = MW_clientSwift/Imatges/barrbase.png; sourceTree = SOURCE_ROOT; };
		C0E65DDA1AD5630800C689BF /* login_background.png */ = {isa = PBXFileReference; lastKnownFileType = image.png; name = login_background.png; path = MW_clientSwift/Imatges/login_background.png; sourceTree = SOURCE_ROOT; };
		C0E65DDC1AD56EA400C689BF /* logo.png */ = {isa = PBXFileReference; lastKnownFileType = image.png; name = logo.png; path = MW_clientSwift/Imatges/logo.png; sourceTree = SOURCE_ROOT; };
		C0F619B61AC300660007B511 /* Reachability.swift */ = {isa = PBXFileReference; fileEncoding = 4; lastKnownFileType = sourcecode.swift; path = Reachability.swift; sourceTree = "<group>"; };
/* End PBXFileReference section */

/* Begin PBXFrameworksBuildPhase section */
		41B1D23E1A6991A600962647 /* Frameworks */ = {
			isa = PBXFrameworksBuildPhase;
			buildActionMask = 2147483647;
			files = (
				C0BF54061AB09F9D0066E027 /* CoreLocation.framework in Frameworks */,
			);
			runOnlyForDeploymentPostprocessing = 0;
		};
		41B1D2531A6991A600962647 /* Frameworks */ = {
			isa = PBXFrameworksBuildPhase;
			buildActionMask = 2147483647;
			files = (
			);
			runOnlyForDeploymentPostprocessing = 0;
		};
/* End PBXFrameworksBuildPhase section */

/* Begin PBXGroup section */
		41B1D2381A6991A600962647 = {
			isa = PBXGroup;
			children = (
				C04161341AD576E70004BC46 /* Fonts */,
				C0BF54051AB09F9D0066E027 /* CoreLocation.framework */,
				41E58D861A90BBA1009A2D0F /* Imatges */,
				41EDC07E1A8BD97C00394712 /* ControlCenter */,
				41F497E41A90EC0B0085DD7F /* Controllers */,
				41D426D11A6F18B9000A758C /* BlackBytePlayGround.playground */,
				41B1D2431A6991A600962647 /* MW_clientSwift */,
				41B1D2591A6991A600962647 /* MW_clientSwiftTests */,
				41B1D2421A6991A600962647 /* Products */,
			);
			sourceTree = "<group>";
		};
		41B1D2421A6991A600962647 /* Products */ = {
			isa = PBXGroup;
			children = (
				41B1D2411A6991A600962647 /* MW_clientSwift.app */,
				41B1D2561A6991A600962647 /* MW_clientSwiftTests.xctest */,
			);
			name = Products;
			sourceTree = "<group>";
		};
		41B1D2431A6991A600962647 /* MW_clientSwift */ = {
			isa = PBXGroup;
			children = (
				C0CE11F61B062CBF00C2960A /* Main.storyboard */,
				41B1D2461A6991A600962647 /* AppDelegate.swift */,
				41B1D24A1A6991A600962647 /* MainPrototype.storyboard */,
				41B1D24D1A6991A600962647 /* Images.xcassets */,
				41B1D24F1A6991A600962647 /* LaunchScreen.xib */,
				41B1D2441A6991A600962647 /* Supporting Files */,
			);
			path = MW_clientSwift;
			sourceTree = "<group>";
		};
		41B1D2441A6991A600962647 /* Supporting Files */ = {
			isa = PBXGroup;
			children = (
				41B1D2451A6991A600962647 /* Info.plist */,
			);
			name = "Supporting Files";
			sourceTree = "<group>";
		};
		41B1D2591A6991A600962647 /* MW_clientSwiftTests */ = {
			isa = PBXGroup;
			children = (
				41B1D25C1A6991A700962647 /* MW_clientSwiftTests.swift */,
				41B1D25A1A6991A600962647 /* Supporting Files */,
			);
			path = MW_clientSwiftTests;
			sourceTree = "<group>";
		};
		41B1D25A1A6991A600962647 /* Supporting Files */ = {
			isa = PBXGroup;
			children = (
				41B1D25B1A6991A600962647 /* Info.plist */,
			);
			name = "Supporting Files";
			sourceTree = "<group>";
		};
		41E58D861A90BBA1009A2D0F /* Imatges */ = {
			isa = PBXGroup;
			children = (
				C05D83131B0B220D002C4AA5 /* baseprogressbar1.png */,
				C05D83141B0B220D002C4AA5 /* bluebar1.png */,
				C05D83151B0B220D002C4AA5 /* redbar1.png */,
				C05D83161B0B220D002C4AA5 /* redbar2.png */,
				C05D83171B0B220D002C4AA5 /* bluebar2.png */,
				C05D83181B0B220D002C4AA5 /* baseprogressbar2.png */,
				C05D83191B0B220D002C4AA5 /* progressBarr GUIA.png */,
				C05D831A1B0B220D002C4AA5 /* specialbutton.png */,
				C05D831B1B0B220D002C4AA5 /* special2.png */,
				C05D831C1B0B220D002C4AA5 /* special1.png */,
				C05D831D1B0B220D002C4AA5 /* dodgebutton.png */,
				C05D831E1B0B220D002C4AA5 /* blockbutton.png */,
				C05D831F1B0B220D002C4AA5 /* basic2.png */,
				C05D83201B0B220D002C4AA5 /* basic1.png */,
				C05D83211B0B220D002C4AA5 /* iconRegister.png */,
				C05D83221B0B220D002C4AA5 /* iconLogin.png */,
				C05D83231B0B220D002C4AA5 /* pergamino.png */,
				C0E108B61B04F189003E0DE1 /* bluebarr.png */,
				C0E108B71B04F189003E0DE1 /* redbarr.png */,
				C0E108B81B04F189003E0DE1 /* barrbase.png */,
				54315D591AFBBED900BDDCE2 /* tittle_login.png */,
				C07212651AF8FFA60010F1C5 /* menu_button_no_focus.jpg */,
				C07212661AF8FFA60010F1C5 /* menu_button_focus.jpg */,
				54B912F91AEABAFE005DD10A /* warlock.png */,
				C041613B1AD583ED0004BC46 /* focus.png */,
				C04161391AD580780004BC46 /* no_focus.png */,
				C0E65DDC1AD56EA400C689BF /* logo.png */,
				C0E65DDA1AD5630800C689BF /* login_background.png */,
				41C82B0C1A91056600235D61 /* anterior.png */,
				41C82B0D1A91056600235D61 /* fondo.png */,
				41C82B0E1A91056600235D61 /* mage.png */,
				41C82B101A91056600235D61 /* rayitaSeparadora.png */,
				41C82B111A91056600235D61 /* siguiente.png */,
			);
			path = Imatges;
			sourceTree = "<group>";
		};
		41EDC07E1A8BD97C00394712 /* ControlCenter */ = {
			isa = PBXGroup;
			children = (
				41F497E71A90EC390085DD7F /* MyViewController.swift */,
				C0F619B61AC300660007B511 /* Reachability.swift */,
				41F497E81A90EC390085DD7F /* ViewControllerPrototype.swift */,
				41EDC07F1A8BD97C00394712 /* CApp.swift */,
				41EDC0811A8BD97C00394712 /* CConstants.swift */,
				54B9EF751AE6B3460083E508 /* CPlayer.swift */,
				54B9EF771AE6B6BF0083E508 /* CSpell.swift */,
			);
			name = ControlCenter;
			path = MW_clientSwift/Classes.ControlCenter;
			sourceTree = "<group>";
		};
		41F497E41A90EC0B0085DD7F /* Controllers */ = {
			isa = PBXGroup;
			children = (
				41C82B001A91054B00235D61 /* VCLogin.swift */,
				41C82B011A91054B00235D61 /* VCMenu.swift */,
				41C82B021A91054B00235D61 /* VCMy_data.swift */,
				41C82B031A91054B00235D61 /* VCRegister.swift */,
				41C82B041A91054B00235D61 /* VCResgiter_player.swift */,
				41C82B051A91054B00235D61 /* VCSearchBattle.swift */,
				41C82AFE1A91054000235D61 /* VCBattle.swift */,
			);
			path = Controllers;
			sourceTree = "<group>";
		};
		C04161341AD576E70004BC46 /* Fonts */ = {
			isa = PBXGroup;
			children = (
				C04161351AD576E70004BC46 /* Augusta-Shadow.ttf */,
				C04161361AD576E70004BC46 /* Augusta.ttf */,
			);
			name = Fonts;
			path = MW_clientSwift/Fonts;
			sourceTree = "<group>";
		};
/* End PBXGroup section */

/* Begin PBXNativeTarget section */
		41B1D2401A6991A600962647 /* MW_clientSwift */ = {
			isa = PBXNativeTarget;
			buildConfigurationList = 41B1D2601A6991A700962647 /* Build configuration list for PBXNativeTarget "MW_clientSwift" */;
			buildPhases = (
				41B1D23D1A6991A600962647 /* Sources */,
				41B1D23E1A6991A600962647 /* Frameworks */,
				41B1D23F1A6991A600962647 /* Resources */,
			);
			buildRules = (
			);
			dependencies = (
			);
			name = MW_clientSwift;
			productName = MW_clientSwift;
			productReference = 41B1D2411A6991A600962647 /* MW_clientSwift.app */;
			productType = "com.apple.product-type.application";
		};
		41B1D2551A6991A600962647 /* MW_clientSwiftTests */ = {
			isa = PBXNativeTarget;
			buildConfigurationList = 41B1D2631A6991A700962647 /* Build configuration list for PBXNativeTarget "MW_clientSwiftTests" */;
			buildPhases = (
				41B1D2521A6991A600962647 /* Sources */,
				41B1D2531A6991A600962647 /* Frameworks */,
				41B1D2541A6991A600962647 /* Resources */,
			);
			buildRules = (
			);
			dependencies = (
				41B1D2581A6991A600962647 /* PBXTargetDependency */,
			);
			name = MW_clientSwiftTests;
			productName = MW_clientSwiftTests;
			productReference = 41B1D2561A6991A600962647 /* MW_clientSwiftTests.xctest */;
			productType = "com.apple.product-type.bundle.unit-test";
		};
/* End PBXNativeTarget section */

/* Begin PBXProject section */
		41B1D2391A6991A600962647 /* Project object */ = {
			isa = PBXProject;
			attributes = {
				LastUpgradeCheck = 0610;
				ORGANIZATIONNAME = "___TAULE___";
				TargetAttributes = {
					41B1D2401A6991A600962647 = {
						CreatedOnToolsVersion = 6.1.1;
					};
					41B1D2551A6991A600962647 = {
						CreatedOnToolsVersion = 6.1.1;
						TestTargetID = 41B1D2401A6991A600962647;
					};
				};
			};
			buildConfigurationList = 41B1D23C1A6991A600962647 /* Build configuration list for PBXProject "MW_clientSwift" */;
			compatibilityVersion = "Xcode 3.2";
			developmentRegion = English;
			hasScannedForEncodings = 0;
			knownRegions = (
				en,
				Base,
			);
			mainGroup = 41B1D2381A6991A600962647;
			productRefGroup = 41B1D2421A6991A600962647 /* Products */;
			projectDirPath = "";
			projectRoot = "";
			targets = (
				41B1D2401A6991A600962647 /* MW_clientSwift */,
				41B1D2551A6991A600962647 /* MW_clientSwiftTests */,
			);
		};
/* End PBXProject section */

/* Begin PBXResourcesBuildPhase section */
		41B1D23F1A6991A600962647 /* Resources */ = {
			isa = PBXResourcesBuildPhase;
			buildActionMask = 2147483647;
			files = (
				41B1D24C1A6991A600962647 /* MainPrototype.storyboard in Resources */,
				C07212681AF8FFA60010F1C5 /* menu_button_focus.jpg in Resources */,
				41B1D2511A6991A600962647 /* LaunchScreen.xib in Resources */,
				C05D832A1B0B220D002C4AA5 /* progressBarr GUIA.png in Resources */,
				41C82B141A91056600235D61 /* mage.png in Resources */,
				C05D83321B0B220D002C4AA5 /* iconRegister.png in Resources */,
				C0E108BA1B04F189003E0DE1 /* redbarr.png in Resources */,
				C0CE11F81B062CBF00C2960A /* Main.storyboard in Resources */,
				41C82B131A91056600235D61 /* fondo.png in Resources */,
				C05D83311B0B220D002C4AA5 /* basic1.png in Resources */,
				C05D83341B0B220D002C4AA5 /* pergamino.png in Resources */,
				C0E108B91B04F189003E0DE1 /* bluebarr.png in Resources */,
				C041613A1AD580780004BC46 /* no_focus.png in Resources */,
				C05D83241B0B220D002C4AA5 /* baseprogressbar1.png in Resources */,
				C05D832B1B0B220D002C4AA5 /* specialbutton.png in Resources */,
				54B912FA1AEABAFE005DD10A /* warlock.png in Resources */,
				C0E65DDB1AD5630800C689BF /* login_background.png in Resources */,
				C05D83271B0B220D002C4AA5 /* redbar2.png in Resources */,
				41C82B161A91056600235D61 /* rayitaSeparadora.png in Resources */,
				C05D83291B0B220D002C4AA5 /* baseprogressbar2.png in Resources */,
				C05D832D1B0B220D002C4AA5 /* special1.png in Resources */,
				C05D832C1B0B220D002C4AA5 /* special2.png in Resources */,
				C05D83251B0B220D002C4AA5 /* bluebar1.png in Resources */,
				C0E65DDD1AD56EA400C689BF /* logo.png in Resources */,
				54315D5A1AFBBED900BDDCE2 /* tittle_login.png in Resources */,
				C04161371AD576E70004BC46 /* Augusta-Shadow.ttf in Resources */,
				C07212671AF8FFA60010F1C5 /* menu_button_no_focus.jpg in Resources */,
				41B1D24E1A6991A600962647 /* Images.xcassets in Resources */,
				C0E108BB1B04F189003E0DE1 /* barrbase.png in Resources */,
				C041613C1AD583ED0004BC46 /* focus.png in Resources */,
				C05D832F1B0B220D002C4AA5 /* blockbutton.png in Resources */,
				41C82B121A91056600235D61 /* anterior.png in Resources */,
				41C82B171A91056600235D61 /* siguiente.png in Resources */,
				C05D83331B0B220D002C4AA5 /* iconLogin.png in Resources */,
				C04161381AD576E70004BC46 /* Augusta.ttf in Resources */,
				C05D83281B0B220D002C4AA5 /* bluebar2.png in Resources */,
				C05D83261B0B220D002C4AA5 /* redbar1.png in Resources */,
				C05D83301B0B220D002C4AA5 /* basic2.png in Resources */,
				C05D832E1B0B220D002C4AA5 /* dodgebutton.png in Resources */,
			);
			runOnlyForDeploymentPostprocessing = 0;
		};
		41B1D2541A6991A600962647 /* Resources */ = {
			isa = PBXResourcesBuildPhase;
			buildActionMask = 2147483647;
			files = (
			);
			runOnlyForDeploymentPostprocessing = 0;
		};
/* End PBXResourcesBuildPhase section */

/* Begin PBXSourcesBuildPhase section */
		41B1D23D1A6991A600962647 /* Sources */ = {
			isa = PBXSourcesBuildPhase;
			buildActionMask = 2147483647;
			files = (
				41C82B0A1A91054B00235D61 /* VCResgiter_player.swift in Sources */,
				41C82B091A91054B00235D61 /* VCRegister.swift in Sources */,
				41C82B081A91054B00235D61 /* VCMy_data.swift in Sources */,
				54B9EF781AE6B6BF0083E508 /* CSpell.swift in Sources */,
				41C82B061A91054B00235D61 /* VCLogin.swift in Sources */,
				41C82B071A91054B00235D61 /* VCMenu.swift in Sources */,
				41EDC0891A8BD97C00394712 /* CConstants.swift in Sources */,
				41EDC0871A8BD97C00394712 /* CApp.swift in Sources */,
				41F497E91A90EC390085DD7F /* MyViewController.swift in Sources */,
				41C82AFF1A91054000235D61 /* VCBattle.swift in Sources */,
				41B1D2471A6991A600962647 /* AppDelegate.swift in Sources */,
				54B9EF761AE6B3460083E508 /* CPlayer.swift in Sources */,
				41C82B0B1A91054B00235D61 /* VCSearchBattle.swift in Sources */,
				41F497EA1A90EC390085DD7F /* ViewControllerPrototype.swift in Sources */,
				C0F619B71AC300660007B511 /* Reachability.swift in Sources */,
			);
			runOnlyForDeploymentPostprocessing = 0;
		};
		41B1D2521A6991A600962647 /* Sources */ = {
			isa = PBXSourcesBuildPhase;
			buildActionMask = 2147483647;
			files = (
				41B1D25D1A6991A700962647 /* MW_clientSwiftTests.swift in Sources */,
			);
			runOnlyForDeploymentPostprocessing = 0;
		};
/* End PBXSourcesBuildPhase section */

/* Begin PBXTargetDependency section */
		41B1D2581A6991A600962647 /* PBXTargetDependency */ = {
			isa = PBXTargetDependency;
			target = 41B1D2401A6991A600962647 /* MW_clientSwift */;
			targetProxy = 41B1D2571A6991A600962647 /* PBXContainerItemProxy */;
		};
/* End PBXTargetDependency section */

/* Begin PBXVariantGroup section */
		41B1D24A1A6991A600962647 /* MainPrototype.storyboard */ = {
			isa = PBXVariantGroup;
			children = (
				41B1D24B1A6991A600962647 /* Base */,
			);
			name = MainPrototype.storyboard;
			sourceTree = "<group>";
		};
		41B1D24F1A6991A600962647 /* LaunchScreen.xib */ = {
			isa = PBXVariantGroup;
			children = (
				41B1D2501A6991A600962647 /* Base */,
			);
			name = LaunchScreen.xib;
			sourceTree = "<group>";
		};
		C0CE11F61B062CBF00C2960A /* Main.storyboard */ = {
			isa = PBXVariantGroup;
			children = (
				C0CE11F71B062CBF00C2960A /* Base */,
			);
			name = Main.storyboard;
			sourceTree = "<group>";
		};
/* End PBXVariantGroup section */

/* Begin XCBuildConfiguration section */
		41B1D25E1A6991A700962647 /* Debug */ = {
			isa = XCBuildConfiguration;
			buildSettings = {
				ALWAYS_SEARCH_USER_PATHS = NO;
				CLANG_CXX_LANGUAGE_STANDARD = "gnu++0x";
				CLANG_CXX_LIBRARY = "libc++";
				CLANG_ENABLE_MODULES = YES;
				CLANG_ENABLE_OBJC_ARC = YES;
				CLANG_WARN_BOOL_CONVERSION = YES;
				CLANG_WARN_CONSTANT_CONVERSION = YES;
				CLANG_WARN_DIRECT_OBJC_ISA_USAGE = YES_ERROR;
				CLANG_WARN_EMPTY_BODY = YES;
				CLANG_WARN_ENUM_CONVERSION = YES;
				CLANG_WARN_INT_CONVERSION = YES;
				CLANG_WARN_OBJC_ROOT_CLASS = YES_ERROR;
				CLANG_WARN_UNREACHABLE_CODE = YES;
				CLANG_WARN__DUPLICATE_METHOD_MATCH = YES;
				"CODE_SIGN_IDENTITY[sdk=iphoneos*]" = "iPhone Developer";
				COPY_PHASE_STRIP = NO;
				ENABLE_STRICT_OBJC_MSGSEND = YES;
				GCC_C_LANGUAGE_STANDARD = gnu99;
				GCC_DYNAMIC_NO_PIC = NO;
				GCC_OPTIMIZATION_LEVEL = 0;
				GCC_PREPROCESSOR_DEFINITIONS = (
					"DEBUG=1",
					"$(inherited)",
				);
				GCC_SYMBOLS_PRIVATE_EXTERN = NO;
				GCC_WARN_64_TO_32_BIT_CONVERSION = YES;
				GCC_WARN_ABOUT_RETURN_TYPE = YES_ERROR;
				GCC_WARN_UNDECLARED_SELECTOR = YES;
				GCC_WARN_UNINITIALIZED_AUTOS = YES_AGGRESSIVE;
				GCC_WARN_UNUSED_FUNCTION = YES;
				GCC_WARN_UNUSED_VARIABLE = YES;
				IPHONEOS_DEPLOYMENT_TARGET = 8.1;
				MTL_ENABLE_DEBUG_INFO = YES;
				ONLY_ACTIVE_ARCH = YES;
				SDKROOT = iphoneos;
				SWIFT_OPTIMIZATION_LEVEL = "-Onone";
				TARGETED_DEVICE_FAMILY = "1,2";
			};
			name = Debug;
		};
		41B1D25F1A6991A700962647 /* Release */ = {
			isa = XCBuildConfiguration;
			buildSettings = {
				ALWAYS_SEARCH_USER_PATHS = NO;
				CLANG_CXX_LANGUAGE_STANDARD = "gnu++0x";
				CLANG_CXX_LIBRARY = "libc++";
				CLANG_ENABLE_MODULES = YES;
				CLANG_ENABLE_OBJC_ARC = YES;
				CLANG_WARN_BOOL_CONVERSION = YES;
				CLANG_WARN_CONSTANT_CONVERSION = YES;
				CLANG_WARN_DIRECT_OBJC_ISA_USAGE = YES_ERROR;
				CLANG_WARN_EMPTY_BODY = YES;
				CLANG_WARN_ENUM_CONVERSION = YES;
				CLANG_WARN_INT_CONVERSION = YES;
				CLANG_WARN_OBJC_ROOT_CLASS = YES_ERROR;
				CLANG_WARN_UNREACHABLE_CODE = YES;
				CLANG_WARN__DUPLICATE_METHOD_MATCH = YES;
				"CODE_SIGN_IDENTITY[sdk=iphoneos*]" = "iPhone Developer";
				COPY_PHASE_STRIP = YES;
				ENABLE_NS_ASSERTIONS = NO;
				ENABLE_STRICT_OBJC_MSGSEND = YES;
				GCC_C_LANGUAGE_STANDARD = gnu99;
				GCC_WARN_64_TO_32_BIT_CONVERSION = YES;
				GCC_WARN_ABOUT_RETURN_TYPE = YES_ERROR;
				GCC_WARN_UNDECLARED_SELECTOR = YES;
				GCC_WARN_UNINITIALIZED_AUTOS = YES_AGGRESSIVE;
				GCC_WARN_UNUSED_FUNCTION = YES;
				GCC_WARN_UNUSED_VARIABLE = YES;
				IPHONEOS_DEPLOYMENT_TARGET = 8.1;
				MTL_ENABLE_DEBUG_INFO = NO;
				SDKROOT = iphoneos;
				TARGETED_DEVICE_FAMILY = "1,2";
				VALIDATE_PRODUCT = YES;
			};
			name = Release;
		};
		41B1D2611A6991A700962647 /* Debug */ = {
			isa = XCBuildConfiguration;
			buildSettings = {
				ASSETCATALOG_COMPILER_APPICON_NAME = AppIcon;
				INFOPLIST_FILE = MW_clientSwift/Info.plist;
				IPHONEOS_DEPLOYMENT_TARGET = 8.2;
				LD_RUNPATH_SEARCH_PATHS = "$(inherited) @executable_path/Frameworks";
				PRODUCT_NAME = "$(TARGET_NAME)";
			};
			name = Debug;
		};
		41B1D2621A6991A700962647 /* Release */ = {
			isa = XCBuildConfiguration;
			buildSettings = {
				ASSETCATALOG_COMPILER_APPICON_NAME = AppIcon;
				INFOPLIST_FILE = MW_clientSwift/Info.plist;
				IPHONEOS_DEPLOYMENT_TARGET = 8.2;
				LD_RUNPATH_SEARCH_PATHS = "$(inherited) @executable_path/Frameworks";
				PRODUCT_NAME = "$(TARGET_NAME)";
			};
			name = Release;
		};
		41B1D2641A6991A700962647 /* Debug */ = {
			isa = XCBuildConfiguration;
			buildSettings = {
				BUNDLE_LOADER = "$(TEST_HOST)";
				FRAMEWORK_SEARCH_PATHS = (
					"$(SDKROOT)/Developer/Library/Frameworks",
					"$(inherited)",
				);
				GCC_PREPROCESSOR_DEFINITIONS = (
					"DEBUG=1",
					"$(inherited)",
				);
				INFOPLIST_FILE = MW_clientSwiftTests/Info.plist;
				LD_RUNPATH_SEARCH_PATHS = "$(inherited) @executable_path/Frameworks @loader_path/Frameworks";
				PRODUCT_NAME = "$(TARGET_NAME)";
				TEST_HOST = "$(BUILT_PRODUCTS_DIR)/MW_clientSwift.app/MW_clientSwift";
			};
			name = Debug;
		};
		41B1D2651A6991A700962647 /* Release */ = {
			isa = XCBuildConfiguration;
			buildSettings = {
				BUNDLE_LOADER = "$(TEST_HOST)";
				FRAMEWORK_SEARCH_PATHS = (
					"$(SDKROOT)/Developer/Library/Frameworks",
					"$(inherited)",
				);
				INFOPLIST_FILE = MW_clientSwiftTests/Info.plist;
				LD_RUNPATH_SEARCH_PATHS = "$(inherited) @executable_path/Frameworks @loader_path/Frameworks";
				PRODUCT_NAME = "$(TARGET_NAME)";
				TEST_HOST = "$(BUILT_PRODUCTS_DIR)/MW_clientSwift.app/MW_clientSwift";
			};
			name = Release;
		};
/* End XCBuildConfiguration section */

/* Begin XCConfigurationList section */
		41B1D23C1A6991A600962647 /* Build configuration list for PBXProject "MW_clientSwift" */ = {
			isa = XCConfigurationList;
			buildConfigurations = (
				41B1D25E1A6991A700962647 /* Debug */,
				41B1D25F1A6991A700962647 /* Release */,
			);
			defaultConfigurationIsVisible = 0;
			defaultConfigurationName = Release;
		};
		41B1D2601A6991A700962647 /* Build configuration list for PBXNativeTarget "MW_clientSwift" */ = {
			isa = XCConfigurationList;
			buildConfigurations = (
				41B1D2611A6991A700962647 /* Debug */,
				41B1D2621A6991A700962647 /* Release */,
			);
			defaultConfigurationIsVisible = 0;
			defaultConfigurationName = Release;
		};
		41B1D2631A6991A700962647 /* Build configuration list for PBXNativeTarget "MW_clientSwiftTests" */ = {
			isa = XCConfigurationList;
			buildConfigurations = (
				41B1D2641A6991A700962647 /* Debug */,
				41B1D2651A6991A700962647 /* Release */,
			);
			defaultConfigurationIsVisible = 0;
			defaultConfigurationName = Release;
		};
/* End XCConfigurationList section */
	};
	rootObject = 41B1D2391A6991A600962647 /* Project object */;
}
